// !$*UTF8*$!
{
	archiveVersion = 1;
	classes = {
	};
	objectVersion = 48;
	objects = {

/* Begin PBXBuildFile section */
		5880F57720521D68005AC7AF /* NewItemViewController.swift in Sources */ = {isa = PBXBuildFile; fileRef = 5880F57620521D68005AC7AF /* NewItemViewController.swift */; };
		60DC005020512FFE009FA26B /* AppDelegate.swift in Sources */ = {isa = PBXBuildFile; fileRef = 60DC004F20512FFE009FA26B /* AppDelegate.swift */; };
		60DC005220512FFE009FA26B /* ViewController.swift in Sources */ = {isa = PBXBuildFile; fileRef = 60DC005120512FFE009FA26B /* ViewController.swift */; };
		60DC005520512FFE009FA26B /* Main.storyboard in Resources */ = {isa = PBXBuildFile; fileRef = 60DC005320512FFE009FA26B /* Main.storyboard */; };
		60DC005720512FFE009FA26B /* Assets.xcassets in Resources */ = {isa = PBXBuildFile; fileRef = 60DC005620512FFE009FA26B /* Assets.xcassets */; };
		60DC005A20512FFE009FA26B /* LaunchScreen.storyboard in Resources */ = {isa = PBXBuildFile; fileRef = 60DC005820512FFE009FA26B /* LaunchScreen.storyboard */; };
		60DC00622051935E009FA26B /* Model.swift in Sources */ = {isa = PBXBuildFile; fileRef = 60DC00612051935E009FA26B /* Model.swift */; };
		60DC006620519507009FA26B /* RecordTableViewController.swift in Sources */ = {isa = PBXBuildFile; fileRef = 60DC006520519507009FA26B /* RecordTableViewController.swift */; };
		60DC0068205197E0009FA26B /* ReportViewController.swift in Sources */ = {isa = PBXBuildFile; fileRef = 60DC0067205197E0009FA26B /* ReportViewController.swift */; };
/* End PBXBuildFile section */

/* Begin PBXFileReference section */
		5880F57620521D68005AC7AF /* NewItemViewController.swift */ = {isa = PBXFileReference; lastKnownFileType = sourcecode.swift; path = NewItemViewController.swift; sourceTree = "<group>"; };
		60DC004C20512FFE009FA26B /* Lakshmi-JF Tracker.app */ = {isa = PBXFileReference; explicitFileType = wrapper.application; includeInIndex = 0; path = "Lakshmi-JF Tracker.app"; sourceTree = BUILT_PRODUCTS_DIR; };
		60DC004F20512FFE009FA26B /* AppDelegate.swift */ = {isa = PBXFileReference; lastKnownFileType = sourcecode.swift; path = AppDelegate.swift; sourceTree = "<group>"; };
		60DC005120512FFE009FA26B /* ViewController.swift */ = {isa = PBXFileReference; lastKnownFileType = sourcecode.swift; path = ViewController.swift; sourceTree = "<group>"; };
		60DC005420512FFE009FA26B /* Base */ = {isa = PBXFileReference; lastKnownFileType = file.storyboard; name = Base; path = Base.lproj/Main.storyboard; sourceTree = "<group>"; };
		60DC005620512FFE009FA26B /* Assets.xcassets */ = {isa = PBXFileReference; lastKnownFileType = folder.assetcatalog; path = Assets.xcassets; sourceTree = "<group>"; };
		60DC005920512FFE009FA26B /* Base */ = {isa = PBXFileReference; lastKnownFileType = file.storyboard; name = Base; path = Base.lproj/LaunchScreen.storyboard; sourceTree = "<group>"; };
		60DC005B20512FFE009FA26B /* Info.plist */ = {isa = PBXFileReference; lastKnownFileType = text.plist.xml; path = Info.plist; sourceTree = "<group>"; };
		60DC00612051935E009FA26B /* Model.swift */ = {isa = PBXFileReference; lastKnownFileType = sourcecode.swift; path = Model.swift; sourceTree = "<group>"; };
		60DC006520519507009FA26B /* RecordTableViewController.swift */ = {isa = PBXFileReference; lastKnownFileType = sourcecode.swift; path = RecordTableViewController.swift; sourceTree = "<group>"; };
		60DC0067205197E0009FA26B /* ReportViewController.swift */ = {isa = PBXFileReference; lastKnownFileType = sourcecode.swift; path = ReportViewController.swift; sourceTree = "<group>"; };
/* End PBXFileReference section */

/* Begin PBXFrameworksBuildPhase section */
		60DC004920512FFE009FA26B /* Frameworks */ = {
			isa = PBXFrameworksBuildPhase;
			buildActionMask = 2147483647;
			files = (
			);
			runOnlyForDeploymentPostprocessing = 0;
		};
/* End PBXFrameworksBuildPhase section */

/* Begin PBXGroup section */
		60DC004320512FFE009FA26B = {
			isa = PBXGroup;
			children = (
				60DC004E20512FFE009FA26B /* Lakshmi-JF Tracker */,
				60DC004D20512FFE009FA26B /* Products */,
			);
			sourceTree = "<group>";
		};
		60DC004D20512FFE009FA26B /* Products */ = {
			isa = PBXGroup;
			children = (
				60DC004C20512FFE009FA26B /* Lakshmi-JF Tracker.app */,
			);
			name = Products;
			sourceTree = "<group>";
		};
		60DC004E20512FFE009FA26B /* Lakshmi-JF Tracker */ = {
			isa = PBXGroup;
			children = (
				60DC004F20512FFE009FA26B /* AppDelegate.swift */,
				60DC005120512FFE009FA26B /* ViewController.swift */,
				60DC00612051935E009FA26B /* Model.swift */,
				60DC006520519507009FA26B /* RecordTableViewController.swift */,
				60DC0067205197E0009FA26B /* ReportViewController.swift */,
				60DC005320512FFE009FA26B /* Main.storyboard */,
				5880F57620521D68005AC7AF /* NewItemViewController.swift */,
				60DC005620512FFE009FA26B /* Assets.xcassets */,
				60DC005820512FFE009FA26B /* LaunchScreen.storyboard */,
				60DC005B20512FFE009FA26B /* Info.plist */,
			);
			path = "Lakshmi-JF Tracker";
			sourceTree = "<group>";
		};
/* End PBXGroup section */

/* Begin PBXNativeTarget section */
		60DC004B20512FFE009FA26B /* Lakshmi-JF Tracker */ = {
			isa = PBXNativeTarget;
			buildConfigurationList = 60DC005E20512FFE009FA26B /* Build configuration list for PBXNativeTarget "Lakshmi-JF Tracker" */;
			buildPhases = (
				60DC004820512FFE009FA26B /* Sources */,
				60DC004920512FFE009FA26B /* Frameworks */,
				60DC004A20512FFE009FA26B /* Resources */,
			);
			buildRules = (
			);
			dependencies = (
			);
			name = "Lakshmi-JF Tracker";
			productName = "Lakshmi-JF Tracker";
			productReference = 60DC004C20512FFE009FA26B /* Lakshmi-JF Tracker.app */;
			productType = "com.apple.product-type.application";
		};
/* End PBXNativeTarget section */

/* Begin PBXProject section */
		60DC004420512FFE009FA26B /* Project object */ = {
			isa = PBXProject;
			attributes = {
				LastSwiftUpdateCheck = 0920;
				LastUpgradeCheck = 0920;
				ORGANIZATIONNAME = Manjari;
				TargetAttributes = {
					60DC004B20512FFE009FA26B = {
						CreatedOnToolsVersion = 9.2;
						ProvisioningStyle = Automatic;
					};
				};
			};
			buildConfigurationList = 60DC004720512FFE009FA26B /* Build configuration list for PBXProject "Lakshmi-JF Tracker" */;
			compatibilityVersion = "Xcode 8.0";
			developmentRegion = en;
			hasScannedForEncodings = 0;
			knownRegions = (
				en,
				Base,
			);
			mainGroup = 60DC004320512FFE009FA26B;
			productRefGroup = 60DC004D20512FFE009FA26B /* Products */;
			projectDirPath = "";
			projectRoot = "";
			targets = (
				60DC004B20512FFE009FA26B /* Lakshmi-JF Tracker */,
			);
		};
/* End PBXProject section */

/* Begin PBXResourcesBuildPhase section */
		60DC004A20512FFE009FA26B /* Resources */ = {
			isa = PBXResourcesBuildPhase;
			buildActionMask = 2147483647;
			files = (
				60DC005A20512FFE009FA26B /* LaunchScreen.storyboard in Resources */,
				60DC005720512FFE009FA26B /* Assets.xcassets in Resources */,
				60DC005520512FFE009FA26B /* Main.storyboard in Resources */,
			);
			runOnlyForDeploymentPostprocessing = 0;
		};
/* End PBXResourcesBuildPhase section */

/* Begin PBXSourcesBuildPhase section */
		60DC004820512FFE009FA26B /* Sources */ = {
			isa = PBXSourcesBuildPhase;
			buildActionMask = 2147483647;
			files = (
				60DC006620519507009FA26B /* RecordTableViewController.swift in Sources */,
				60DC00622051935E009FA26B /* Model.swift in Sources */,
				5880F57720521D68005AC7AF /* NewItemViewController.swift in Sources */,
				60DC005220512FFE009FA26B /* ViewController.swift in Sources */,
				60DC0068205197E0009FA26B /* ReportViewController.swift in Sources */,
				60DC005020512FFE009FA26B /* AppDelegate.swift in Sources */,
			);
			runOnlyForDeploymentPostprocessing = 0;
		};
/* End PBXSourcesBuildPhase section */

/* Begin PBXVariantGroup section */
		60DC005320512FFE009FA26B /* Main.storyboard */ = {
			isa = PBXVariantGroup;
			children = (
				60DC005420512FFE009FA26B /* Base */,
			);
			name = Main.storyboard;
			sourceTree = "<group>";
		};
		60DC005820512FFE009FA26B /* LaunchScreen.storyboard */ = {
			isa = PBXVariantGroup;
			children = (
				60DC005920512FFE009FA26B /* Base */,
			);
			name = LaunchScreen.storyboard;
			sourceTree = "<group>";
		};
/* End PBXVariantGroup section */

/* Begin XCBuildConfiguration section */
		60DC005C20512FFE009FA26B /* Debug */ = {
			isa = XCBuildConfiguration;
			buildSettings = {
				ALWAYS_SEARCH_USER_PATHS = NO;
				CLANG_ANALYZER_NONNULL = YES;
				CLANG_ANALYZER_NUMBER_OBJECT_CONVERSION = YES_AGGRESSIVE;
				CLANG_CXX_LANGUAGE_STANDARD = "gnu++14";
				CLANG_CXX_LIBRARY = "libc++";
				CLANG_ENABLE_MODULES = YES;
				CLANG_ENABLE_OBJC_ARC = YES;
				CLANG_WARN_BLOCK_CAPTURE_AUTORELEASING = YES;
				CLANG_WARN_BOOL_CONVERSION = YES;
				CLANG_WARN_COMMA = YES;
				CLANG_WARN_CONSTANT_CONVERSION = YES;
				CLANG_WARN_DIRECT_OBJC_ISA_USAGE = YES_ERROR;
				CLANG_WARN_DOCUMENTATION_COMMENTS = YES;
				CLANG_WARN_EMPTY_BODY = YES;
				CLANG_WARN_ENUM_CONVERSION = YES;
				CLANG_WARN_INFINITE_RECURSION = YES;
				CLANG_WARN_INT_CONVERSION = YES;
				CLANG_WARN_NON_LITERAL_NULL_CONVERSION = YES;
				CLANG_WARN_OBJC_LITERAL_CONVERSION = YES;
				CLANG_WARN_OBJC_ROOT_CLASS = YES_ERROR;
				CLANG_WARN_RANGE_LOOP_ANALYSIS = YES;
				CLANG_WARN_STRICT_PROTOTYPES = YES;
				CLANG_WARN_SUSPICIOUS_MOVE = YES;
				CLANG_WARN_UNGUARDED_AVAILABILITY = YES_AGGRESSIVE;
				CLANG_WARN_UNREACHABLE_CODE = YES;
				CLANG_WARN__DUPLICATE_METHOD_MATCH = YES;
				CODE_SIGN_IDENTITY = "iPhone Developer";
				COPY_PHASE_STRIP = NO;
				DEBUG_INFORMATION_FORMAT = dwarf;
				ENABLE_STRICT_OBJC_MSGSEND = YES;
				ENABLE_TESTABILITY = YES;
				GCC_C_LANGUAGE_STANDARD = gnu11;
				GCC_DYNAMIC_NO_PIC = NO;
				GCC_NO_COMMON_BLOCKS = YES;
				GCC_OPTIMIZATION_LEVEL = 0;
				GCC_PREPROCESSOR_DEFINITIONS = (
					"DEBUG=1",
					"$(inherited)",
				);
				GCC_WARN_64_TO_32_BIT_CONVERSION = YES;
				GCC_WARN_ABOUT_RETURN_TYPE = YES_ERROR;
				GCC_WARN_UNDECLARED_SELECTOR = YES;
				GCC_WARN_UNINITIALIZED_AUTOS = YES_AGGRESSIVE;
				GCC_WARN_UNUSED_FUNCTION = YES;
				GCC_WARN_UNUSED_VARIABLE = YES;
				IPHONEOS_DEPLOYMENT_TARGET = 11.2;
				MTL_ENABLE_DEBUG_INFO = YES;
				ONLY_ACTIVE_ARCH = YES;
				SDKROOT = iphoneos;
				SWIFT_ACTIVE_COMPILATION_CONDITIONS = DEBUG;
				SWIFT_OPTIMIZATION_LEVEL = "-Onone";
			};
			name = Debug;
		};
		60DC005D20512FFE009FA26B /* Release */ = {
			isa = XCBuildConfiguration;
			buildSettings = {
				ALWAYS_SEARCH_USER_PATHS = NO;
				CLANG_ANALYZER_NONNULL = YES;
				CLANG_ANALYZER_NUMBER_OBJECT_CONVERSION = YES_AGGRESSIVE;
				CLANG_CXX_LANGUAGE_STANDARD = "gnu++14";
				CLANG_CXX_LIBRARY = "libc++";
				CLANG_ENABLE_MODULES = YES;
				CLANG_ENABLE_OBJC_ARC = YES;
				CLANG_WARN_BLOCK_CAPTURE_AUTORELEASING = YES;
				CLANG_WARN_BOOL_CONVERSION = YES;
				CLANG_WARN_COMMA = YES;
				CLANG_WARN_CONSTANT_CONVERSION = YES;
				CLANG_WARN_DIRECT_OBJC_ISA_USAGE = YES_ERROR;
				CLANG_WARN_DOCUMENTATION_COMMENTS = YES;
				CLANG_WARN_EMPTY_BODY = YES;
				CLANG_WARN_ENUM_CONVERSION = YES;
				CLANG_WARN_INFINITE_RECURSION = YES;
				CLANG_WARN_INT_CONVERSION = YES;
				CLANG_WARN_NON_LITERAL_NULL_CONVERSION = YES;
				CLANG_WARN_OBJC_LITERAL_CONVERSION = YES;
				CLANG_WARN_OBJC_ROOT_CLASS = YES_ERROR;
				CLANG_WARN_RANGE_LOOP_ANALYSIS = YES;
				CLANG_WARN_STRICT_PROTOTYPES = YES;
				CLANG_WARN_SUSPICIOUS_MOVE = YES;
				CLANG_WARN_UNGUARDED_AVAILABILITY = YES_AGGRESSIVE;
				CLANG_WARN_UNREACHABLE_CODE = YES;
				CLANG_WARN__DUPLICATE_METHOD_MATCH = YES;
				CODE_SIGN_IDENTITY = "iPhone Developer";
				COPY_PHASE_STRIP = NO;
				DEBUG_INFORMATION_FORMAT = "dwarf-with-dsym";
				ENABLE_NS_ASSERTIONS = NO;
				ENABLE_STRICT_OBJC_MSGSEND = YES;
				GCC_C_LANGUAGE_STANDARD = gnu11;
				GCC_NO_COMMON_BLOCKS = YES;
				GCC_WARN_64_TO_32_BIT_CONVERSION = YES;
				GCC_WARN_ABOUT_RETURN_TYPE = YES_ERROR;
				GCC_WARN_UNDECLARED_SELECTOR = YES;
				GCC_WARN_UNINITIALIZED_AUTOS = YES_AGGRESSIVE;
				GCC_WARN_UNUSED_FUNCTION = YES;
				GCC_WARN_UNUSED_VARIABLE = YES;
				IPHONEOS_DEPLOYMENT_TARGET = 11.2;
				MTL_ENABLE_DEBUG_INFO = NO;
				SDKROOT = iphoneos;
				SWIFT_OPTIMIZATION_LEVEL = "-Owholemodule";
				VALIDATE_PRODUCT = YES;
			};
			name = Release;
		};
		60DC005F20512FFE009FA26B /* Debug */ = {
			isa = XCBuildConfiguration;
			buildSettings = {
				ASSETCATALOG_COMPILER_APPICON_NAME = AppIcon;
				CODE_SIGN_STYLE = Automatic;
				INFOPLIST_FILE = "Lakshmi-JF Tracker/Info.plist";
				LD_RUNPATH_SEARCH_PATHS = "$(inherited) @executable_path/Frameworks";
				PRODUCT_BUNDLE_IDENTIFIER = "com.manju.Lakshmi-JF-Tracker";
				PRODUCT_NAME = "$(TARGET_NAME)";
				SWIFT_VERSION = 4.0;
				TARGETED_DEVICE_FAMILY = "1,2";
			};
			name = Debug;
		};
		60DC006020512FFE009FA26B /* Release */ = {
			isa = XCBuildConfiguration;
			buildSettings = {
				ASSETCATALOG_COMPILER_APPICON_NAME = AppIcon;
				CODE_SIGN_STYLE = Automatic;
				INFOPLIST_FILE = "Lakshmi-JF Tracker/Info.plist";
				LD_RUNPATH_SEARCH_PATHS = "$(inherited) @executable_path/Frameworks";
				PRODUCT_BUNDLE_IDENTIFIER = "com.manju.Lakshmi-JF-Tracker";
				PRODUCT_NAME = "$(TARGET_NAME)";
				SWIFT_VERSION = 4.0;
				TARGETED_DEVICE_FAMILY = "1,2";
			};
			name = Release;
		};
/* End XCBuildConfiguration section */

/* Begin XCConfigurationList section */
		60DC004720512FFE009FA26B /* Build configuration list for PBXProject "Lakshmi-JF Tracker" */ = {
			isa = XCConfigurationList;
			buildConfigurations = (
				60DC005C20512FFE009FA26B /* Debug */,
				60DC005D20512FFE009FA26B /* Release */,
			);
			defaultConfigurationIsVisible = 0;
			defaultConfigurationName = Release;
		};
		60DC005E20512FFE009FA26B /* Build configuration list for PBXNativeTarget "Lakshmi-JF Tracker" */ = {
			isa = XCConfigurationList;
			buildConfigurations = (
				60DC005F20512FFE009FA26B /* Debug */,
				60DC006020512FFE009FA26B /* Release */,
			);
			defaultConfigurationIsVisible = 0;
			defaultConfigurationName = Release;
		};
/* End XCConfigurationList section */
	};
	rootObject = 60DC004420512FFE009FA26B /* Project object */;
}
